
Microsoft Visual Studio Solution File, Format Version 12.00
# Visual Studio Version 17
VisualStudioVersion = 17.7.34202.233
MinimumVisualStudioVersion = 10.0.40219.1
Project("{FAE04EC0-301F-11D3-BF4B-00C04F79EFBC}") = "QSoft.ConcurrentPriorityQueue", "QSoft.ConcurrentPriorityQueue\QSoft.ConcurrentPriorityQueue.csproj", "{0530B70F-8283-463D-A780-56B5971126F2}"
EndProject
Project("{FAE04EC0-301F-11D3-BF4B-00C04F79EFBC}") = "ConsoleApp1", "ConsoleApp1\ConsoleApp1.csproj", "{6FFAD887-5180-47B1-90BE-1AA392FD3DCC}"
EndProject
Global
	GlobalSection(SolutionConfigurationPlatforms) = preSolution
		Debug|Any CPU = Debug|Any CPU
		Release|Any CPU = Release|Any CPU
	EndGlobalSection
	GlobalSection(ProjectConfigurationPlatforms) = postSolution
		{0530B70F-8283-463D-A780-56B5971126F2}.Debug|Any CPU.ActiveCfg = Debug|Any CPU
		{0530B70F-8283-463D-A780-56B5971126F2}.Debug|Any CPU.Build.0 = Debug|Any CPU
		{0530B70F-8283-463D-A780-56B5971126F2}.Release|Any CPU.ActiveCfg = Release|Any CPU
		{0530B70F-8283-463D-A780-56B5971126F2}.Release|Any CPU.Build.0 = Release|Any CPU
		{6FFAD887-5180-47B1-90BE-1AA392FD3DCC}.Debug|Any CPU.ActiveCfg = Debug|Any CPU
		{6FFAD887-5180-47B1-90BE-1AA392FD3DCC}.Debug|Any CPU.Build.0 = Debug|Any CPU
		{6FFAD887-5180-47B1-90BE-1AA392FD3DCC}.Release|Any CPU.ActiveCfg = Release|Any CPU
		{6FFAD887-5180-47B1-90BE-1AA392FD3DCC}.Release|Any CPU.Build.0 = Release|Any CPU
	EndGlobalSection
	GlobalSection(SolutionProperties) = preSolution
		HideSolutionNode = FALSE
	EndGlobalSection
	GlobalSection(ExtensibilityGlobals) = postSolution
		SolutionGuid = {F8AA1C1C-E002-421E-BBE0-1DC488A2127A}
	EndGlobalSection
EndGlobal
